
Microsoft Visual Studio Solution File, Format Version 12.00
# Visual Studio Version 17
VisualStudioVersion = 17.13.35931.197 d17.13
MinimumVisualStudioVersion = 10.0.40219.1
Project("{FAE04EC0-301F-11D3-BF4B-00C04F79EFBC}") = "laba1", "laba1\laba1.csproj", "{AA484224-4289-41DE-ADA1-E9AA90E086CF}"
EndProject
Global
	GlobalSection(SolutionConfigurationPlatforms) = preSolution
		Debug|Any CPU = Debug|Any CPU
		Release|Any CPU = Release|Any CPU
	EndGlobalSection
	GlobalSection(ProjectConfigurationPlatforms) = postSolution
		{AA484224-4289-41DE-ADA1-E9AA90E086CF}.Debug|Any CPU.ActiveCfg = Debug|Any CPU
		{AA484224-4289-41DE-ADA1-E9AA90E086CF}.Debug|Any CPU.Build.0 = Debug|Any CPU
		{AA484224-4289-41DE-ADA1-E9AA90E086CF}.Release|Any CPU.ActiveCfg = Release|Any CPU
		{AA484224-4289-41DE-ADA1-E9AA90E086CF}.Release|Any CPU.Build.0 = Release|Any CPU
	EndGlobalSection
	GlobalSection(SolutionProperties) = preSolution
		HideSolutionNode = FALSE
	EndGlobalSection
	GlobalSection(ExtensibilityGlobals) = postSolution
		SolutionGuid = {785B0AB4-5761-413E-8FE7-0F358789E504}
	EndGlobalSection
EndGlobal
