
Microsoft Visual Studio Solution File, Format Version 12.00
# Visual Studio Version 17
VisualStudioVersion = 17.13.35931.197 d17.13
MinimumVisualStudioVersion = 10.0.40219.1
Project("{FAE04EC0-301F-11D3-BF4B-00C04F79EFBC}") = "laba8", "laba8\laba8.csproj", "{1A893EF6-6F88-41F9-8D04-DD39B5105381}"
EndProject
Global
	GlobalSection(SolutionConfigurationPlatforms) = preSolution
		Debug|Any CPU = Debug|Any CPU
		Release|Any CPU = Release|Any CPU
	EndGlobalSection
	GlobalSection(ProjectConfigurationPlatforms) = postSolution
		{1A893EF6-6F88-41F9-8D04-DD39B5105381}.Debug|Any CPU.ActiveCfg = Debug|Any CPU
		{1A893EF6-6F88-41F9-8D04-DD39B5105381}.Debug|Any CPU.Build.0 = Debug|Any CPU
		{1A893EF6-6F88-41F9-8D04-DD39B5105381}.Release|Any CPU.ActiveCfg = Release|Any CPU
		{1A893EF6-6F88-41F9-8D04-DD39B5105381}.Release|Any CPU.Build.0 = Release|Any CPU
	EndGlobalSection
	GlobalSection(SolutionProperties) = preSolution
		HideSolutionNode = FALSE
	EndGlobalSection
	GlobalSection(ExtensibilityGlobals) = postSolution
		SolutionGuid = {CDC9A11F-DEB7-46D3-BDD3-2CFE599C912E}
	EndGlobalSection
EndGlobal
